
Microsoft Visual Studio Solution File, Format Version 12.00
# Visual Studio 2012
Project("{8BC9CEB8-8B4A-11D0-8D11-00A0C91BC942}") = "FTPClient", "FTPClient\FTPClient.vcxproj", "{1AF503BE-7174-436F-943A-24C470B03ED7}"
EndProject
Global
	GlobalSection(SolutionConfigurationPlatforms) = preSolution
		CD_ROM|Win32 = CD_ROM|Win32
		Debug|Win32 = Debug|Win32
		DVD-5|Win32 = DVD-5|Win32
		Release|Win32 = Release|Win32
		SingleImage|Win32 = SingleImage|Win32
	EndGlobalSection
	GlobalSection(ProjectConfigurationPlatforms) = postSolution
		{1AF503BE-7174-436F-943A-24C470B03ED7}.CD_ROM|Win32.ActiveCfg = Release|Win32
		{1AF503BE-7174-436F-943A-24C470B03ED7}.CD_ROM|Win32.Build.0 = Release|Win32
		{1AF503BE-7174-436F-943A-24C470B03ED7}.Debug|Win32.ActiveCfg = Debug|Win32
		{1AF503BE-7174-436F-943A-24C470B03ED7}.Debug|Win32.Build.0 = Debug|Win32
		{1AF503BE-7174-436F-943A-24C470B03ED7}.DVD-5|Win32.ActiveCfg = Debug|Win32
		{1AF503BE-7174-436F-943A-24C470B03ED7}.DVD-5|Win32.Build.0 = Debug|Win32
		{1AF503BE-7174-436F-943A-24C470B03ED7}.Release|Win32.ActiveCfg = Release|Win32
		{1AF503BE-7174-436F-943A-24C470B03ED7}.Release|Win32.Build.0 = Release|Win32
		{1AF503BE-7174-436F-943A-24C470B03ED7}.SingleImage|Win32.ActiveCfg = Release|Win32
		{1AF503BE-7174-436F-943A-24C470B03ED7}.SingleImage|Win32.Build.0 = Release|Win32
	EndGlobalSection
	GlobalSection(SolutionProperties) = preSolution
		HideSolutionNode = FALSE
	EndGlobalSection
	GlobalSection(Performance) = preSolution
		HasPerformanceSessions = true
	EndGlobalSection
EndGlobal
